
Microsoft Visual Studio Solution File, Format Version 12.00
# Visual Studio Version 17
VisualStudioVersion = 17.2.32602.215
MinimumVisualStudioVersion = 10.0.40219.1
Project("{9A19103F-16F7-4668-BE54-9A1E7A4F7556}") = "GamesDoneQuickCalendarFactory", "GamesDoneQuickCalendarFactory\GamesDoneQuickCalendarFactory.csproj", "{A2B0E13B-642F-408C-BBC2-65416201F0DC}"
EndProject
Project("{9A19103F-16F7-4668-BE54-9A1E7A4F7556}") = "Tests", "Tests\Tests.csproj", "{32EFB942-6476-4D8B-AB4F-72602CA04301}"
EndProject
Global
	GlobalSection(SolutionConfigurationPlatforms) = preSolution
		Debug|Any CPU = Debug|Any CPU
		Release|Any CPU = Release|Any CPU
	EndGlobalSection
	GlobalSection(ProjectConfigurationPlatforms) = postSolution
		{A2B0E13B-642F-408C-BBC2-65416201F0DC}.Debug|Any CPU.ActiveCfg = Debug|Any CPU
		{A2B0E13B-642F-408C-BBC2-65416201F0DC}.Debug|Any CPU.Build.0 = Debug|Any CPU
		{A2B0E13B-642F-408C-BBC2-65416201F0DC}.Release|Any CPU.ActiveCfg = Release|Any CPU
		{A2B0E13B-642F-408C-BBC2-65416201F0DC}.Release|Any CPU.Build.0 = Release|Any CPU
		{32EFB942-6476-4D8B-AB4F-72602CA04301}.Debug|Any CPU.ActiveCfg = Debug|Any CPU
		{32EFB942-6476-4D8B-AB4F-72602CA04301}.Debug|Any CPU.Build.0 = Debug|Any CPU
		{32EFB942-6476-4D8B-AB4F-72602CA04301}.Release|Any CPU.ActiveCfg = Release|Any CPU
		{32EFB942-6476-4D8B-AB4F-72602CA04301}.Release|Any CPU.Build.0 = Release|Any CPU
	EndGlobalSection
	GlobalSection(SolutionProperties) = preSolution
		HideSolutionNode = FALSE
	EndGlobalSection
	GlobalSection(ExtensibilityGlobals) = postSolution
		SolutionGuid = {53FA5728-BF5B-4775-B6A0-B3C32BF033BA}
	EndGlobalSection
EndGlobal
