{
  "version": 1,
  "dependencies": {
    "net8.0": {
      "Bom.Squad": {
        "type": "Direct",
        "requested": "[0.3.0, )",
        "resolved": "0.3.0",
        "contentHash": "XzhQ6cpYMDACcRosaHBO8P8SGAJ2GBC/9Hcb0WUUe9UTUCttr3PrIWf7r+bg6sDCu3/gPWPgh8lfHMTXAi/v3A=="
      },
      "Google.Apis.Calendar.v3": {
        "type": "Direct",
        "requested": "[1.69.0.3667, )",
        "resolved": "1.69.0.3667",
        "contentHash": "3+3UBkp0P+tMKzrU9OlirIwVLylpsAipLuwqvHXWiW4lhKd8SorXWXw9F4wlgPv2MrW3eISwZSJ/bIH9eClkwA==",
        "dependencies": {
          "Google.Apis": "1.69.0",
          "Google.Apis.Auth": "1.69.0"
        }
      },
      "Ical.Net": {
        "type": "Direct",
        "requested": "[4.3.1, )",
        "resolved": "4.3.1",
        "contentHash": "ZQHNJAy26XeW0OnVRxyHW1xNWkLdueIInPCo76sdNCC0Sr8dAfBzN3DApWWk2r0nwCU0oJIGsrFHdCcQu5RWag==",
        "dependencies": {
          "NodaTime": "3.2.0"
        }
      },
      "Microsoft.Extensions.Hosting.Systemd": {
        "type": "Direct",
        "requested": "[9.0.3, )",
        "resolved": "9.0.3",
        "contentHash": "gAzl0JqflWBFNJlKZhO06QFzEdXeJxJ9haexWML8CnMY+G3IvvcPCqs8MXOYEN/HKWJtd6/+NZLySSGpjdjk5Q==",
        "dependencies": {
          "Microsoft.Extensions.Hosting": "9.0.3"
        }
      },
      "Microsoft.Extensions.Hosting.WindowsServices": {
        "type": "Direct",
        "requested": "[9.0.2, )",
        "resolved": "9.0.2",
        "contentHash": "t3aNB71mOvhCUDcHtuyTdx0gTPeo6jqhsB7iDaRAjgeSggnQS/ZGTiqbLvkekHLKAWf4PH7IjveLWjYAKuHKxg==",
        "dependencies": {
          "Microsoft.Extensions.Hosting": "9.0.2",
          "Microsoft.Extensions.Logging.EventLog": "9.0.2",
          "System.ServiceProcess.ServiceController": "9.0.2"
        }
      },
      "NodaTime": {
        "type": "Direct",
        "requested": "[3.2.1, )",
        "resolved": "3.2.1",
        "contentHash": "D1aHhUfPQUxU2nfDCVuSLahpp0xCYZTmj/KNH3mSK/tStJYcx9HO9aJ0qbOP3hzjGPV/DXOqY2AHe27Nt4xs4g=="
      },
      "ThrottleDebounce": {
        "type": "Direct",
        "requested": "[2.0.0, )",
        "resolved": "2.0.0",
        "contentHash": "/lt2PLUjE1bXCkPDVXXhZDzqaK3SmKwJ2EOq/a6ZbsgAWnRz3TqkqU0VyUncbh8bUIJQHCoPUxbwmjWeAbeIbw=="
      },
      "Unfucked": {
        "type": "Direct",
        "requested": "[0.0.0-beta7, )",
        "resolved": "0.0.0-beta7",
        "contentHash": "TmVNNsO2ZKlE/0u8ZwKAWIddD7o3/mI/JT++wZsiSV2AA16F7UgK92iI/rQ7zKqaHj+8AkawIFLqkicGg8Nv0A=="
      },
      "Unfucked.DateTime": {
        "type": "Direct",
        "requested": "[0.0.0-beta3, )",
        "resolved": "0.0.0-beta3",
        "contentHash": "uhVdSPOAzXYsXS3jtZEn/C0vP+t2dV++f0uRBUbG4Ctl502Ki+R+jtY79GhSegcDItHUUmNxRxo2l9vfdk2+5w==",
        "dependencies": {
          "NodaTime": "3.1.12"
        }
      },
      "Unfucked.DI": {
        "type": "Direct",
        "requested": "[0.0.0-beta5, )",
        "resolved": "0.0.0-beta5",
        "contentHash": "7gLJ4lJHLQhJWaQYr/Nk60FN1LwCzEewUmVWBposoeRyMxL+Q3BccSOBCYmwadxXJXA62JXcOflXi4PsuDQl9Q==",
        "dependencies": {
          "Microsoft.Extensions.Hosting": "8.0.1",
          "Unfucked": "0.0.0-beta5"
        }
      },
      "Unfucked.HTTP": {
        "type": "Direct",
        "requested": "[0.0.0-beta5, )",
        "resolved": "0.0.0-beta5",
        "contentHash": "xaqiIahbZ57sZc2jEP2SfGHGYe1mn4DV6Iz/W9jr3FZlJAMcluh4YCBJvMpewF5lPvkziqF/ZA+PtaaMDra8Xg==",
        "dependencies": {
          "System.Net.Http.Json": "8.0.1",
          "Unfucked": "0.0.0-beta7"
        }
      },
      "Unfucked.ICS": {
        "type": "Direct",
        "requested": "[0.0.0-beta4, )",
        "resolved": "0.0.0-beta4",
        "contentHash": "YkfHZadE34lqVGlzlQB9JMqA3Q/RxTTVJF8cJ7vrFCrqWKfIQBp6K14B87LzAAWPm0YR/i4fae7gys2Fo0CA4A==",
        "dependencies": {
          "Ical.Net": "4.3.1",
          "NodaTime": "3.2.1"
        }
      },
      "Google.Apis": {
        "type": "Transitive",
        "resolved": "1.69.0",
        "contentHash": "1TfjsXFejwIf7iWaE7A0FbnOEsk8FPlbdFAt1r+I8aSMQfLLdSVWCLdZz6TzuWVwoCGEuJUHTZ/FXdptdU3qWw==",
        "dependencies": {
          "Google.Apis.Core": "1.69.0"
        }
      },
      "Google.Apis.Auth": {
        "type": "Transitive",
        "resolved": "1.69.0",
        "contentHash": "ar07yxn/s41jdqQ3sMh8EAehiSvXQ9yE1MS4McmZINeSWvolnLHmIZ9Yxj4tHVIYYz0c7H/lpToVqm7C2aYx9g==",
        "dependencies": {
          "Google.Apis": "1.69.0",
          "Google.Apis.Core": "1.69.0",
          "System.Management": "7.0.2"
        }
      },
      "Google.Apis.Core": {
        "type": "Transitive",
        "resolved": "1.69.0",
        "contentHash": "SXUcurNUPxYMtOnawvB2Av18VrPBC9W7So9q9ikmXIXLGiv4RX7Zbu4kc+8PbwTdd8wLt54r0PBGOT5RaKoTjQ==",
        "dependencies": {
          "Newtonsoft.Json": "13.0.3"
        }
      },
      "Microsoft.Extensions.Configuration": {
        "type": "Transitive",
        "resolved": "9.0.3",
        "contentHash": "RIEeZxWYm77+OWLwgik7DzSVSONjqkmcbuCb1koZdGAV7BgOUWnLz80VMyHZMw3onrVwFCCMHBBdruBPuQTvkg==",
        "dependencies": {
          "Microsoft.Extensions.Configuration.Abstractions": "9.0.3",
          "Microsoft.Extensions.Primitives": "9.0.3"
        }
      },
      "Microsoft.Extensions.Configuration.Abstractions": {
        "type": "Transitive",
        "resolved": "9.0.3",
        "contentHash": "q5qlbm6GRUrle2ZZxy9aqS/wWoc+mRD3JeP6rcpiJTh5XcemYkplAcJKq8lU11ZfPom5lfbZZfnQvDqcUhqD5Q==",
        "dependencies": {
          "Microsoft.Extensions.Primitives": "9.0.3"
        }
      },
      "Microsoft.Extensions.Configuration.Binder": {
        "type": "Transitive",
        "resolved": "9.0.3",
        "contentHash": "ad82pYBUSQbd3WIboxsS1HzFdRuHKRa2CpYwie/o6dZAxUjt62yFwjoVdM7Iw2VO5fHV1rJwa7jJZBNZin0E7Q==",
        "dependencies": {
          "Microsoft.Extensions.Configuration.Abstractions": "9.0.3"
        }
      },
      "Microsoft.Extensions.Configuration.CommandLine": {
        "type": "Transitive",
        "resolved": "9.0.3",
        "contentHash": "rVwz4ml/Jve/QzzUlyTVOKXVZ37op9RK6Ize4uPmJ3S5c2ErExoy816+dslBQ06ZrFq8M9bpnV5LVBuPD1ONHQ==",
        "dependencies": {
          "Microsoft.Extensions.Configuration": "9.0.3",
          "Microsoft.Extensions.Configuration.Abstractions": "9.0.3"
        }
      },
      "Microsoft.Extensions.Configuration.EnvironmentVariables": {
        "type": "Transitive",
        "resolved": "9.0.3",
        "contentHash": "fo84UIa8aSBG3pOtzLsgkj1YkOVfYFy2YWcRTCevHHAkuVsxnYnKBrcW2pyFgqqfQ/rT8K1nmRXHDdQIZ8PDig==",
        "dependencies": {
          "Microsoft.Extensions.Configuration": "9.0.3",
          "Microsoft.Extensions.Configuration.Abstractions": "9.0.3"
        }
      },
      "Microsoft.Extensions.Configuration.FileExtensions": {
        "type": "Transitive",
        "resolved": "9.0.3",
        "contentHash": "tBNMSDJ2q7WQK2zwPhHY5I/q95t7sf6dT079mGrNm0yOZF/gM9JvR/LtCb/rwhRmh7A6XMnzv5WbpCh9KLq9EQ==",
        "dependencies": {
          "Microsoft.Extensions.Configuration": "9.0.3",
          "Microsoft.Extensions.Configuration.Abstractions": "9.0.3",
          "Microsoft.Extensions.FileProviders.Abstractions": "9.0.3",
          "Microsoft.Extensions.FileProviders.Physical": "9.0.3",
          "Microsoft.Extensions.Primitives": "9.0.3"
        }
      },
      "Microsoft.Extensions.Configuration.Json": {
        "type": "Transitive",
        "resolved": "9.0.3",
        "contentHash": "mjkp3ZwynNacZk4uq93I0DyCY48FZmi3yRV0xlfeDuWh44KcDunPXHwt8IWr4kL7cVM6eiFVe6YTJg97KzUAUA==",
        "dependencies": {
          "Microsoft.Extensions.Configuration": "9.0.3",
          "Microsoft.Extensions.Configuration.Abstractions": "9.0.3",
          "Microsoft.Extensions.Configuration.FileExtensions": "9.0.3",
          "Microsoft.Extensions.FileProviders.Abstractions": "9.0.3",
          "System.Text.Json": "9.0.3"
        }
      },
      "Microsoft.Extensions.Configuration.UserSecrets": {
        "type": "Transitive",
        "resolved": "9.0.3",
        "contentHash": "vwkBQ5jqmfX7nD7CFvB3k1uSeNBKRcYRDvlk3pxJzJfm/cgT4R+hQg5AFXW/1aLKjz0q7brpRocHC5GK2sjvEw==",
        "dependencies": {
          "Microsoft.Extensions.Configuration.Abstractions": "9.0.3",
          "Microsoft.Extensions.Configuration.Json": "9.0.3",
          "Microsoft.Extensions.FileProviders.Abstractions": "9.0.3",
          "Microsoft.Extensions.FileProviders.Physical": "9.0.3"
        }
      },
      "Microsoft.Extensions.DependencyInjection": {
        "type": "Transitive",
        "resolved": "9.0.3",
        "contentHash": "lDbxJpkl6X8KZGpkAxgrrthQ42YeiR0xjPp7KPx+sCPc3ZbpaIbjzd0QQ+9kDdK2RU2DOl3pc6tQyAgEZY3V0A==",
        "dependencies": {
          "Microsoft.Extensions.DependencyInjection.Abstractions": "9.0.3"
        }
      },
      "Microsoft.Extensions.DependencyInjection.Abstractions": {
        "type": "Transitive",
        "resolved": "9.0.3",
        "contentHash": "TfaHPSe39NyL2wxkisRxXK7xvHGZYBZ+dy3r+mqGvnxKgAPdHkMu3QMQZI4pquP6W5FIQBqs8FJpWV8ffCgDqQ=="
      },
      "Microsoft.Extensions.Diagnostics": {
        "type": "Transitive",
        "resolved": "9.0.3",
        "contentHash": "gqhbIq6adm0+/9IlDYmchekoxNkmUTm7rfTG3k4zzoQkjRuD8TQGwL1WnIcTDt4aQ+j+Vu0OQrjI8GlpJQQhIA==",
        "dependencies": {
          "Microsoft.Extensions.Configuration": "9.0.3",
          "Microsoft.Extensions.Diagnostics.Abstractions": "9.0.3",
          "Microsoft.Extensions.Options.ConfigurationExtensions": "9.0.3"
        }
      },
      "Microsoft.Extensions.Diagnostics.Abstractions": {
        "type": "Transitive",
        "resolved": "9.0.3",
        "contentHash": "/fn0Xe8t+3YbMfwyTk4hFirWyAG1pBA5ogVYsrKAuuD2gbqOWhFuSA28auCmS3z8Y2eq3miDIKq4pFVRWA+J6g==",
        "dependencies": {
          "Microsoft.Extensions.DependencyInjection.Abstractions": "9.0.3",
          "Microsoft.Extensions.Options": "9.0.3",
          "System.Diagnostics.DiagnosticSource": "9.0.3"
        }
      },
      "Microsoft.Extensions.FileProviders.Abstractions": {
        "type": "Transitive",
        "resolved": "9.0.3",
        "contentHash": "umczZ3+QPpzlrW/lkvy+IB0p52+qZ5w++aqx2lTCMOaPKzwcbVdrJgiQ3ajw5QWBp7gChLUiCYkSlWUpfjv24g==",
        "dependencies": {
          "Microsoft.Extensions.Primitives": "9.0.3"
        }
      },
      "Microsoft.Extensions.FileProviders.Physical": {
        "type": "Transitive",
        "resolved": "9.0.3",
        "contentHash": "th2+tQBV5oWjgKhip9GjiIv2AEK3QvfAO3tZcqV3F3dEt5D6Gb411RntCj1+8GS9HaRRSxjSGx/fCrMqIjkb1Q==",
        "dependencies": {
          "Microsoft.Extensions.FileProviders.Abstractions": "9.0.3",
          "Microsoft.Extensions.FileSystemGlobbing": "9.0.3",
          "Microsoft.Extensions.Primitives": "9.0.3"
        }
      },
      "Microsoft.Extensions.FileSystemGlobbing": {
        "type": "Transitive",
        "resolved": "9.0.3",
        "contentHash": "Rec77KHk4iNpFznHi5/6wF3MlUDcKqg26t8gRYbUm1PSukZ4B6mrXpZsJSNOiwyhhQVkjYbaoZxi5XJgRQ5lFg=="
      },
      "Microsoft.Extensions.Hosting": {
        "type": "Transitive",
        "resolved": "9.0.3",
        "contentHash": "ioFXglqFA9uCYcKHI3CLVTO3I75jWIhvVxiZBzGeSPxw7XdhDLh0QvbNFrMTbZk9qqEVQcylblcvcNXnFHYXyA==",
        "dependencies": {
          "Microsoft.Extensions.Configuration": "9.0.3",
          "Microsoft.Extensions.Configuration.Abstractions": "9.0.3",
          "Microsoft.Extensions.Configuration.Binder": "9.0.3",
          "Microsoft.Extensions.Configuration.CommandLine": "9.0.3",
          "Microsoft.Extensions.Configuration.EnvironmentVariables": "9.0.3",
          "Microsoft.Extensions.Configuration.FileExtensions": "9.0.3",
          "Microsoft.Extensions.Configuration.Json": "9.0.3",
          "Microsoft.Extensions.Configuration.UserSecrets": "9.0.3",
          "Microsoft.Extensions.DependencyInjection": "9.0.3",
          "Microsoft.Extensions.DependencyInjection.Abstractions": "9.0.3",
          "Microsoft.Extensions.Diagnostics": "9.0.3",
          "Microsoft.Extensions.FileProviders.Abstractions": "9.0.3",
          "Microsoft.Extensions.FileProviders.Physical": "9.0.3",
          "Microsoft.Extensions.Hosting.Abstractions": "9.0.3",
          "Microsoft.Extensions.Logging": "9.0.3",
          "Microsoft.Extensions.Logging.Abstractions": "9.0.3",
          "Microsoft.Extensions.Logging.Configuration": "9.0.3",
          "Microsoft.Extensions.Logging.Console": "9.0.3",
          "Microsoft.Extensions.Logging.Debug": "9.0.3",
          "Microsoft.Extensions.Logging.EventLog": "9.0.3",
          "Microsoft.Extensions.Logging.EventSource": "9.0.3",
          "Microsoft.Extensions.Options": "9.0.3"
        }
      },
      "Microsoft.Extensions.Hosting.Abstractions": {
        "type": "Transitive",
        "resolved": "9.0.3",
        "contentHash": "rHabYVhQsGYNfgnfnYLqZRx/hLe85i6jW5rnDjA9pjt3x7yjPv8T/EXcgN5T9T38FAVwZRA+RMGUkEHbxvCOBQ==",
        "dependencies": {
          "Microsoft.Extensions.Configuration.Abstractions": "9.0.3",
          "Microsoft.Extensions.DependencyInjection.Abstractions": "9.0.3",
          "Microsoft.Extensions.Diagnostics.Abstractions": "9.0.3",
          "Microsoft.Extensions.FileProviders.Abstractions": "9.0.3",
          "Microsoft.Extensions.Logging.Abstractions": "9.0.3"
        }
      },
      "Microsoft.Extensions.Logging": {
        "type": "Transitive",
        "resolved": "9.0.3",
        "contentHash": "utIi2R1nm+PCWkvWBf1Ou6LWqg9iLfHU23r8yyU9VCvda4dEs7xbTZSwGa5KuwbpzpgCbHCIuKaFHB3zyFmnGw==",
        "dependencies": {
          "Microsoft.Extensions.DependencyInjection": "9.0.3",
          "Microsoft.Extensions.Logging.Abstractions": "9.0.3",
          "Microsoft.Extensions.Options": "9.0.3"
        }
      },
      "Microsoft.Extensions.Logging.Abstractions": {
        "type": "Transitive",
        "resolved": "9.0.3",
        "contentHash": "H/MBMLt9A/69Ux4OrV7oCKt3DcMT04o5SCqDolulzQA66TLFEpYYb4qedMs/uwrLtyHXGuDGWKZse/oa8W9AZw==",
        "dependencies": {
          "Microsoft.Extensions.DependencyInjection.Abstractions": "9.0.3",
          "System.Diagnostics.DiagnosticSource": "9.0.3"
        }
      },
      "Microsoft.Extensions.Logging.Configuration": {
        "type": "Transitive",
        "resolved": "9.0.3",
        "contentHash": "eVZsaKNyK0g0C1qp0mmn4Q2PiX+bXdkz8+zVkXyVMk8IvoWfmTjLjEq1MQlwt1A22lToANPiUrxPJ7Tt3V5puw==",
        "dependencies": {
          "Microsoft.Extensions.Configuration": "9.0.3",
          "Microsoft.Extensions.Configuration.Abstractions": "9.0.3",
          "Microsoft.Extensions.Configuration.Binder": "9.0.3",
          "Microsoft.Extensions.DependencyInjection.Abstractions": "9.0.3",
          "Microsoft.Extensions.Logging": "9.0.3",
          "Microsoft.Extensions.Logging.Abstractions": "9.0.3",
          "Microsoft.Extensions.Options": "9.0.3",
          "Microsoft.Extensions.Options.ConfigurationExtensions": "9.0.3"
        }
      },
      "Microsoft.Extensions.Logging.Console": {
        "type": "Transitive",
        "resolved": "9.0.3",
        "contentHash": "o9VXLOdpTAro1q7ZThIB3S8OHrRn5pr8cFUCiN85fiwlfAt2DhU4ZIfHy+jCNbf7y7S5Exbr3dlDE8mKNrs0Yg==",
        "dependencies": {
          "Microsoft.Extensions.DependencyInjection.Abstractions": "9.0.3",
          "Microsoft.Extensions.Logging": "9.0.3",
          "Microsoft.Extensions.Logging.Abstractions": "9.0.3",
          "Microsoft.Extensions.Logging.Configuration": "9.0.3",
          "Microsoft.Extensions.Options": "9.0.3",
          "System.Text.Json": "9.0.3"
        }
      },
      "Microsoft.Extensions.Logging.Debug": {
        "type": "Transitive",
        "resolved": "9.0.3",
        "contentHash": "BlKgvNYjD6mY5GXpMCf9zPAsrovMgW5mzCOT7SpoOSyI1478zldf+7PKvDIscC277z5zjSO3yi/OuIWpnTZmdA==",
        "dependencies": {
          "Microsoft.Extensions.DependencyInjection.Abstractions": "9.0.3",
          "Microsoft.Extensions.Logging": "9.0.3",
          "Microsoft.Extensions.Logging.Abstractions": "9.0.3"
        }
      },
      "Microsoft.Extensions.Logging.EventLog": {
        "type": "Transitive",
        "resolved": "9.0.3",
        "contentHash": "/+elZUHGgB3oHKO9St/Ql/qfze9O+UbXj+9FOj1gIshLCFXcPlhpKoI11jE6eIV0kbs1P/EeffJl4KDFyvAiJQ==",
        "dependencies": {
          "Microsoft.Extensions.DependencyInjection.Abstractions": "9.0.3",
          "Microsoft.Extensions.Logging": "9.0.3",
          "Microsoft.Extensions.Logging.Abstractions": "9.0.3",
          "Microsoft.Extensions.Options": "9.0.3",
          "System.Diagnostics.EventLog": "9.0.3"
        }
      },
      "Microsoft.Extensions.Logging.EventSource": {
        "type": "Transitive",
        "resolved": "9.0.3",
        "contentHash": "hgG0EGEHnngQFQNqJ5ungEykqaQ5Tik0Gpkb38pea2a5cR3pWlZR4vuYLDdtTgSiKEKByXz/3wNQ7qAqXamEEA==",
        "dependencies": {
          "Microsoft.Extensions.DependencyInjection.Abstractions": "9.0.3",
          "Microsoft.Extensions.Logging": "9.0.3",
          "Microsoft.Extensions.Logging.Abstractions": "9.0.3",
          "Microsoft.Extensions.Options": "9.0.3",
          "Microsoft.Extensions.Primitives": "9.0.3",
          "System.Text.Json": "9.0.3"
        }
      },
      "Microsoft.Extensions.Options": {
        "type": "Transitive",
        "resolved": "9.0.3",
        "contentHash": "xE7MpY70lkw1oiid5y6FbL9dVw8oLfkx8RhSNGN8sSzBlCqGn0SyT3Fqc8tZnDaPIq7Z8R9RTKlS564DS+MV3g==",
        "dependencies": {
          "Microsoft.Extensions.DependencyInjection.Abstractions": "9.0.3",
          "Microsoft.Extensions.Primitives": "9.0.3"
        }
      },
      "Microsoft.Extensions.Options.ConfigurationExtensions": {
        "type": "Transitive",
        "resolved": "9.0.3",
        "contentHash": "PcyYHQglKnWVZHSPaL6v2qnfsIuFw8tSq7cyXHg3OeuDVn/CqmdWUjRiZomCF/Gi+qCi+ksz0lFphg2cNvB8zQ==",
        "dependencies": {
          "Microsoft.Extensions.Configuration.Abstractions": "9.0.3",
          "Microsoft.Extensions.Configuration.Binder": "9.0.3",
          "Microsoft.Extensions.DependencyInjection.Abstractions": "9.0.3",
          "Microsoft.Extensions.Options": "9.0.3",
          "Microsoft.Extensions.Primitives": "9.0.3"
        }
      },
      "Microsoft.Extensions.Primitives": {
        "type": "Transitive",
        "resolved": "9.0.3",
        "contentHash": "yCCJHvBcRyqapMSNzP+kTc57Eaavq2cr5Tmuil6/XVnipQf5xmskxakSQ1enU6S4+fNg3sJ27WcInV64q24JsA=="
      },
      "Newtonsoft.Json": {
        "type": "Transitive",
        "resolved": "13.0.3",
        "contentHash": "HrC5BXdl00IP9zeV+0Z848QWPAoCr9P3bDEZguI+gkLcBKAOxix/tLEAAHC+UvDNPv4a2d18lOReHMOagPa+zQ=="
      },
      "System.CodeDom": {
        "type": "Transitive",
        "resolved": "7.0.0",
        "contentHash": "GLltyqEsE5/3IE+zYRP5sNa1l44qKl9v+bfdMcwg+M9qnQf47wK3H0SUR/T+3N4JEQXF3vV4CSuuo0rsg+nq2A=="
      },
      "System.Diagnostics.DiagnosticSource": {
        "type": "Transitive",
        "resolved": "9.0.3",
        "contentHash": "cBA+28xDW33tSiGht/H8xvr8lnaCrgJ7EdO348AfSGsX4PPJUOULKxny/cc9DVNGExaCrtqagsnm5M2mkWIZ+g=="
      },
      "System.Diagnostics.EventLog": {
        "type": "Transitive",
        "resolved": "9.0.3",
        "contentHash": "0nDJBZ06DVdTG2vvCZ4XjazLVaFawdT0pnji23ISX8I8fEOlRJyzH2I0kWiAbCtFwry2Zir4qE4l/GStLATfFw=="
      },
      "System.IO.Pipelines": {
        "type": "Transitive",
        "resolved": "9.0.3",
        "contentHash": "aP1Qh9llcEmo0qN+VKvVDHFMe5Cqpfb1VjhBO7rjmxCXtLs3IfVSOiNqqLBZ/4Qbcr4J0SDdJq9S7EKAGpnwEA=="
      },
      "System.Management": {
        "type": "Transitive",
        "resolved": "7.0.2",
        "contentHash": "/qEUN91mP/MUQmJnM5y5BdT7ZoPuVrtxnFlbJ8a3kBJGhe2wCzBfnPFtK2wTtEEcf3DMGR9J00GZZfg6HRI6yA==",
        "dependencies": {
          "System.CodeDom": "7.0.0"
        }
      },
      "System.Net.Http.Json": {
        "type": "Transitive",
        "resolved": "8.0.1",
        "contentHash": "F423ZLoJFYg1s6iA+Y7BLflVKjEK5XEA2+Z9CHbxJEUtS3+R5pgnFN499QzriRjYpOu6kS2Crd2YBkOFDHrblg=="
      },
      "System.ServiceProcess.ServiceController": {
        "type": "Transitive",
        "resolved": "9.0.2",
        "contentHash": "c69iiGEZ4xUv8aZTFd45K4SM08L2NLepihJ5vAb7Ekzgtk2Y8bUwt+3PQVstUl020dXW16R8hpiq/RZuzFFVyw==",
        "dependencies": {
          "System.Diagnostics.EventLog": "9.0.2"
        }
      },
      "System.Text.Encodings.Web": {
        "type": "Transitive",
        "resolved": "9.0.3",
        "contentHash": "5L+iI4fBMtGwt4FHLQh40/rgdbxnw6lHaLkR3gbaHG97TohzUv+z/oP03drsTR1lKCLhOkp40cFnHYOQLtpT5A=="
      },
      "System.Text.Json": {
        "type": "Transitive",
        "resolved": "9.0.3",
        "contentHash": "r2JRkLjsYrq5Dpo7+y3Wa73OfirZPdVhxiTJWwZ+oJM7FOAe0LkM3GlH+pgkNRdd1G1kwUbmRCdmh4uoaWwu1g==",
        "dependencies": {
          "System.IO.Pipelines": "9.0.3",
          "System.Text.Encodings.Web": "9.0.3"
        }
      }
    },
    "net8.0/linux-arm": {
      "System.Diagnostics.EventLog": {
        "type": "Transitive",
        "resolved": "9.0.3",
        "contentHash": "0nDJBZ06DVdTG2vvCZ4XjazLVaFawdT0pnji23ISX8I8fEOlRJyzH2I0kWiAbCtFwry2Zir4qE4l/GStLATfFw=="
      },
      "System.Management": {
        "type": "Transitive",
        "resolved": "7.0.2",
        "contentHash": "/qEUN91mP/MUQmJnM5y5BdT7ZoPuVrtxnFlbJ8a3kBJGhe2wCzBfnPFtK2wTtEEcf3DMGR9J00GZZfg6HRI6yA==",
        "dependencies": {
          "System.CodeDom": "7.0.0"
        }
      },
      "System.ServiceProcess.ServiceController": {
        "type": "Transitive",
        "resolved": "9.0.2",
        "contentHash": "c69iiGEZ4xUv8aZTFd45K4SM08L2NLepihJ5vAb7Ekzgtk2Y8bUwt+3PQVstUl020dXW16R8hpiq/RZuzFFVyw==",
        "dependencies": {
          "System.Diagnostics.EventLog": "9.0.2"
        }
      },
      "System.Text.Encodings.Web": {
        "type": "Transitive",
        "resolved": "9.0.3",
        "contentHash": "5L+iI4fBMtGwt4FHLQh40/rgdbxnw6lHaLkR3gbaHG97TohzUv+z/oP03drsTR1lKCLhOkp40cFnHYOQLtpT5A=="
      }
    },
    "net8.0/linux-arm64": {
      "System.Diagnostics.EventLog": {
        "type": "Transitive",
        "resolved": "9.0.3",
        "contentHash": "0nDJBZ06DVdTG2vvCZ4XjazLVaFawdT0pnji23ISX8I8fEOlRJyzH2I0kWiAbCtFwry2Zir4qE4l/GStLATfFw=="
      },
      "System.Management": {
        "type": "Transitive",
        "resolved": "7.0.2",
        "contentHash": "/qEUN91mP/MUQmJnM5y5BdT7ZoPuVrtxnFlbJ8a3kBJGhe2wCzBfnPFtK2wTtEEcf3DMGR9J00GZZfg6HRI6yA==",
        "dependencies": {
          "System.CodeDom": "7.0.0"
        }
      },
      "System.ServiceProcess.ServiceController": {
        "type": "Transitive",
        "resolved": "9.0.2",
        "contentHash": "c69iiGEZ4xUv8aZTFd45K4SM08L2NLepihJ5vAb7Ekzgtk2Y8bUwt+3PQVstUl020dXW16R8hpiq/RZuzFFVyw==",
        "dependencies": {
          "System.Diagnostics.EventLog": "9.0.2"
        }
      },
      "System.Text.Encodings.Web": {
        "type": "Transitive",
        "resolved": "9.0.3",
        "contentHash": "5L+iI4fBMtGwt4FHLQh40/rgdbxnw6lHaLkR3gbaHG97TohzUv+z/oP03drsTR1lKCLhOkp40cFnHYOQLtpT5A=="
      }
    },
    "net8.0/linux-x64": {
      "System.Diagnostics.EventLog": {
        "type": "Transitive",
        "resolved": "9.0.3",
        "contentHash": "0nDJBZ06DVdTG2vvCZ4XjazLVaFawdT0pnji23ISX8I8fEOlRJyzH2I0kWiAbCtFwry2Zir4qE4l/GStLATfFw=="
      },
      "System.Management": {
        "type": "Transitive",
        "resolved": "7.0.2",
        "contentHash": "/qEUN91mP/MUQmJnM5y5BdT7ZoPuVrtxnFlbJ8a3kBJGhe2wCzBfnPFtK2wTtEEcf3DMGR9J00GZZfg6HRI6yA==",
        "dependencies": {
          "System.CodeDom": "7.0.0"
        }
      },
      "System.ServiceProcess.ServiceController": {
        "type": "Transitive",
        "resolved": "9.0.2",
        "contentHash": "c69iiGEZ4xUv8aZTFd45K4SM08L2NLepihJ5vAb7Ekzgtk2Y8bUwt+3PQVstUl020dXW16R8hpiq/RZuzFFVyw==",
        "dependencies": {
          "System.Diagnostics.EventLog": "9.0.2"
        }
      },
      "System.Text.Encodings.Web": {
        "type": "Transitive",
        "resolved": "9.0.3",
        "contentHash": "5L+iI4fBMtGwt4FHLQh40/rgdbxnw6lHaLkR3gbaHG97TohzUv+z/oP03drsTR1lKCLhOkp40cFnHYOQLtpT5A=="
      }
    },
    "net8.0/win-arm64": {
      "System.Diagnostics.EventLog": {
        "type": "Transitive",
        "resolved": "9.0.3",
        "contentHash": "0nDJBZ06DVdTG2vvCZ4XjazLVaFawdT0pnji23ISX8I8fEOlRJyzH2I0kWiAbCtFwry2Zir4qE4l/GStLATfFw=="
      },
      "System.Management": {
        "type": "Transitive",
        "resolved": "7.0.2",
        "contentHash": "/qEUN91mP/MUQmJnM5y5BdT7ZoPuVrtxnFlbJ8a3kBJGhe2wCzBfnPFtK2wTtEEcf3DMGR9J00GZZfg6HRI6yA==",
        "dependencies": {
          "System.CodeDom": "7.0.0"
        }
      },
      "System.ServiceProcess.ServiceController": {
        "type": "Transitive",
        "resolved": "9.0.2",
        "contentHash": "c69iiGEZ4xUv8aZTFd45K4SM08L2NLepihJ5vAb7Ekzgtk2Y8bUwt+3PQVstUl020dXW16R8hpiq/RZuzFFVyw==",
        "dependencies": {
          "System.Diagnostics.EventLog": "9.0.2"
        }
      },
      "System.Text.Encodings.Web": {
        "type": "Transitive",
        "resolved": "9.0.3",
        "contentHash": "5L+iI4fBMtGwt4FHLQh40/rgdbxnw6lHaLkR3gbaHG97TohzUv+z/oP03drsTR1lKCLhOkp40cFnHYOQLtpT5A=="
      }
    },
    "net8.0/win-x64": {
      "System.Diagnostics.EventLog": {
        "type": "Transitive",
        "resolved": "9.0.3",
        "contentHash": "0nDJBZ06DVdTG2vvCZ4XjazLVaFawdT0pnji23ISX8I8fEOlRJyzH2I0kWiAbCtFwry2Zir4qE4l/GStLATfFw=="
      },
      "System.Management": {
        "type": "Transitive",
        "resolved": "7.0.2",
        "contentHash": "/qEUN91mP/MUQmJnM5y5BdT7ZoPuVrtxnFlbJ8a3kBJGhe2wCzBfnPFtK2wTtEEcf3DMGR9J00GZZfg6HRI6yA==",
        "dependencies": {
          "System.CodeDom": "7.0.0"
        }
      },
      "System.ServiceProcess.ServiceController": {
        "type": "Transitive",
        "resolved": "9.0.2",
        "contentHash": "c69iiGEZ4xUv8aZTFd45K4SM08L2NLepihJ5vAb7Ekzgtk2Y8bUwt+3PQVstUl020dXW16R8hpiq/RZuzFFVyw==",
        "dependencies": {
          "System.Diagnostics.EventLog": "9.0.2"
        }
      },
      "System.Text.Encodings.Web": {
        "type": "Transitive",
        "resolved": "9.0.3",
        "contentHash": "5L+iI4fBMtGwt4FHLQh40/rgdbxnw6lHaLkR3gbaHG97TohzUv+z/oP03drsTR1lKCLhOkp40cFnHYOQLtpT5A=="
      }
    }
  }
}